// !$*UTF8*$!
{
	archiveVersion = 1;
	classes = {
	};
	objectVersion = 46;
	objects = {

/* Begin PBXBuildFile section */
		629731751FCE39DF00AFAF65 /* AppDelegate.swift in Sources */ = {isa = PBXBuildFile; fileRef = 629731741FCE39DF00AFAF65 /* AppDelegate.swift */; };
		6297317A1FCE39DF00AFAF65 /* Main.storyboard in Resources */ = {isa = PBXBuildFile; fileRef = 629731781FCE39DF00AFAF65 /* Main.storyboard */; };
		6297317C1FCE39DF00AFAF65 /* Assets.xcassets in Resources */ = {isa = PBXBuildFile; fileRef = 6297317B1FCE39DF00AFAF65 /* Assets.xcassets */; };
		6297317F1FCE39DF00AFAF65 /* LaunchScreen.storyboard in Resources */ = {isa = PBXBuildFile; fileRef = 6297317D1FCE39DF00AFAF65 /* LaunchScreen.storyboard */; };
		629731881FCE3B6F00AFAF65 /* AnimationCollectionViewCell.swift in Sources */ = {isa = PBXBuildFile; fileRef = 629731861FCE3B6F00AFAF65 /* AnimationCollectionViewCell.swift */; };
		629731891FCE3B6F00AFAF65 /* AnimationCollectionViewCell.xib in Resources */ = {isa = PBXBuildFile; fileRef = 629731871FCE3B6F00AFAF65 /* AnimationCollectionViewCell.xib */; };
		6297318D1FCE43EB00AFAF65 /* AnimationCellModel.swift in Sources */ = {isa = PBXBuildFile; fileRef = 6297318C1FCE43EB00AFAF65 /* AnimationCellModel.swift */; };
		6297318F1FCE488400AFAF65 /* AnimationImageCollection.swift in Sources */ = {isa = PBXBuildFile; fileRef = 6297318E1FCE488400AFAF65 /* AnimationImageCollection.swift */; };
		629731911FCE498000AFAF65 /* AnimationCollectionViewController.swift in Sources */ = {isa = PBXBuildFile; fileRef = 629731901FCE498000AFAF65 /* AnimationCollectionViewController.swift */; };
/* End PBXBuildFile section */

/* Begin PBXFileReference section */
		629731711FCE39DF00AFAF65 /* CollectionViewAnimation.app */ = {isa = PBXFileReference; explicitFileType = wrapper.application; includeInIndex = 0; path = CollectionViewAnimation.app; sourceTree = BUILT_PRODUCTS_DIR; };
		629731741FCE39DF00AFAF65 /* AppDelegate.swift */ = {isa = PBXFileReference; lastKnownFileType = sourcecode.swift; path = AppDelegate.swift; sourceTree = "<group>"; };
		629731791FCE39DF00AFAF65 /* Base */ = {isa = PBXFileReference; lastKnownFileType = file.storyboard; name = Base; path = Base.lproj/Main.storyboard; sourceTree = "<group>"; };
		6297317B1FCE39DF00AFAF65 /* Assets.xcassets */ = {isa = PBXFileReference; lastKnownFileType = folder.assetcatalog; path = Assets.xcassets; sourceTree = "<group>"; };
		6297317E1FCE39DF00AFAF65 /* Base */ = {isa = PBXFileReference; lastKnownFileType = file.storyboard; name = Base; path = Base.lproj/LaunchScreen.storyboard; sourceTree = "<group>"; };
		629731801FCE39DF00AFAF65 /* Info.plist */ = {isa = PBXFileReference; lastKnownFileType = text.plist.xml; path = Info.plist; sourceTree = "<group>"; };
		629731861FCE3B6F00AFAF65 /* AnimationCollectionViewCell.swift */ = {isa = PBXFileReference; fileEncoding = 4; lastKnownFileType = sourcecode.swift; name = AnimationCollectionViewCell.swift; path = ../AnimationCollectionViewCell.swift; sourceTree = "<group>"; };
		629731871FCE3B6F00AFAF65 /* AnimationCollectionViewCell.xib */ = {isa = PBXFileReference; fileEncoding = 4; lastKnownFileType = file.xib; name = AnimationCollectionViewCell.xib; path = ../AnimationCollectionViewCell.xib; sourceTree = "<group>"; };
		6297318C1FCE43EB00AFAF65 /* AnimationCellModel.swift */ = {isa = PBXFileReference; fileEncoding = 4; lastKnownFileType = sourcecode.swift; path = AnimationCellModel.swift; sourceTree = "<group>"; };
		6297318E1FCE488400AFAF65 /* AnimationImageCollection.swift */ = {isa = PBXFileReference; fileEncoding = 4; lastKnownFileType = sourcecode.swift; path = AnimationImageCollection.swift; sourceTree = "<group>"; };
		629731901FCE498000AFAF65 /* AnimationCollectionViewController.swift */ = {isa = PBXFileReference; fileEncoding = 4; lastKnownFileType = sourcecode.swift; path = AnimationCollectionViewController.swift; sourceTree = "<group>"; };
/* End PBXFileReference section */

/* Begin PBXFrameworksBuildPhase section */
		6297316E1FCE39DF00AFAF65 /* Frameworks */ = {
			isa = PBXFrameworksBuildPhase;
			buildActionMask = 2147483647;
			files = (
			);
			runOnlyForDeploymentPostprocessing = 0;
		};
/* End PBXFrameworksBuildPhase section */

/* Begin PBXGroup section */
		629731681FCE39DE00AFAF65 = {
			isa = PBXGroup;
			children = (
				629731731FCE39DF00AFAF65 /* CollectionViewAnimation */,
				629731721FCE39DF00AFAF65 /* Products */,
			);
			sourceTree = "<group>";
		};
		629731721FCE39DF00AFAF65 /* Products */ = {
			isa = PBXGroup;
			children = (
				629731711FCE39DF00AFAF65 /* CollectionViewAnimation.app */,
			);
			name = Products;
			sourceTree = "<group>";
		};
		629731731FCE39DF00AFAF65 /* CollectionViewAnimation */ = {
			isa = PBXGroup;
			children = (
				629731741FCE39DF00AFAF65 /* AppDelegate.swift */,
				629731861FCE3B6F00AFAF65 /* AnimationCollectionViewCell.swift */,
				629731871FCE3B6F00AFAF65 /* AnimationCollectionViewCell.xib */,
				6297318C1FCE43EB00AFAF65 /* AnimationCellModel.swift */,
				629731781FCE39DF00AFAF65 /* Main.storyboard */,
				6297317B1FCE39DF00AFAF65 /* Assets.xcassets */,
				6297318E1FCE488400AFAF65 /* AnimationImageCollection.swift */,
				629731901FCE498000AFAF65 /* AnimationCollectionViewController.swift */,
				6297317D1FCE39DF00AFAF65 /* LaunchScreen.storyboard */,
				629731801FCE39DF00AFAF65 /* Info.plist */,
			);
			path = CollectionViewAnimation;
			sourceTree = "<group>";
		};
/* End PBXGroup section */

/* Begin PBXNativeTarget section */
		629731701FCE39DF00AFAF65 /* CollectionViewAnimation */ = {
			isa = PBXNativeTarget;
			buildConfigurationList = 629731831FCE39DF00AFAF65 /* Build configuration list for PBXNativeTarget "CollectionViewAnimation" */;
			buildPhases = (
				6297316D1FCE39DF00AFAF65 /* Sources */,
				6297316E1FCE39DF00AFAF65 /* Frameworks */,
				6297316F1FCE39DF00AFAF65 /* Resources */,
			);
			buildRules = (
			);
			dependencies = (
			);
			name = CollectionViewAnimation;
			productName = CollectionViewAnimation;
			productReference = 629731711FCE39DF00AFAF65 /* CollectionViewAnimation.app */;
			productType = "com.apple.product-type.application";
		};
/* End PBXNativeTarget section */

/* Begin PBXProject section */
		629731691FCE39DE00AFAF65 /* Project object */ = {
			isa = PBXProject;
			attributes = {
				LastSwiftUpdateCheck = 0830;
				LastUpgradeCheck = 0830;
				ORGANIZATIONNAME = "Tran Vu Hung";
				TargetAttributes = {
					629731701FCE39DF00AFAF65 = {
						CreatedOnToolsVersion = 8.3.3;
						DevelopmentTeam = 9A3WJ4UXW8;
						ProvisioningStyle = Automatic;
					};
				};
			};
			buildConfigurationList = 6297316C1FCE39DE00AFAF65 /* Build configuration list for PBXProject "CollectionViewAnimation" */;
			compatibilityVersion = "Xcode 3.2";
			developmentRegion = English;
			hasScannedForEncodings = 0;
			knownRegions = (
				en,
				Base,
			);
			mainGroup = 629731681FCE39DE00AFAF65;
			productRefGroup = 629731721FCE39DF00AFAF65 /* Products */;
			projectDirPath = "";
			projectRoot = "";
			targets = (
				629731701FCE39DF00AFAF65 /* CollectionViewAnimation */,
			);
		};
/* End PBXProject section */

/* Begin PBXResourcesBuildPhase section */
		6297316F1FCE39DF00AFAF65 /* Resources */ = {
			isa = PBXResourcesBuildPhase;
			buildActionMask = 2147483647;
			files = (
				6297317F1FCE39DF00AFAF65 /* LaunchScreen.storyboard in Resources */,
				6297317C1FCE39DF00AFAF65 /* Assets.xcassets in Resources */,
				6297317A1FCE39DF00AFAF65 /* Main.storyboard in Resources */,
				629731891FCE3B6F00AFAF65 /* AnimationCollectionViewCell.xib in Resources */,
			);
			runOnlyForDeploymentPostprocessing = 0;
		};
/* End PBXResourcesBuildPhase section */

/* Begin PBXSourcesBuildPhase section */
		6297316D1FCE39DF00AFAF65 /* Sources */ = {
			isa = PBXSourcesBuildPhase;
			buildActionMask = 2147483647;
			files = (
				6297318F1FCE488400AFAF65 /* AnimationImageCollection.swift in Sources */,
				6297318D1FCE43EB00AFAF65 /* AnimationCellModel.swift in Sources */,
				629731751FCE39DF00AFAF65 /* AppDelegate.swift in Sources */,
				629731911FCE498000AFAF65 /* AnimationCollectionViewController.swift in Sources */,
				629731881FCE3B6F00AFAF65 /* AnimationCollectionViewCell.swift in Sources */,
			);
			runOnlyForDeploymentPostprocessing = 0;
		};
/* End PBXSourcesBuildPhase section */

/* Begin PBXVariantGroup section */
		629731781FCE39DF00AFAF65 /* Main.storyboard */ = {
			isa = PBXVariantGroup;
			children = (
				629731791FCE39DF00AFAF65 /* Base */,
			);
			name = Main.storyboard;
			sourceTree = "<group>";
		};
		6297317D1FCE39DF00AFAF65 /* LaunchScreen.storyboard */ = {
			isa = PBXVariantGroup;
			children = (
				6297317E1FCE39DF00AFAF65 /* Base */,
			);
			name = LaunchScreen.storyboard;
			sourceTree = "<group>";
		};
/* End PBXVariantGroup section */

/* Begin XCBuildConfiguration section */
		629731811FCE39DF00AFAF65 /* Debug */ = {
			isa = XCBuildConfiguration;
			buildSettings = {
				ALWAYS_SEARCH_USER_PATHS = NO;
				CLANG_ANALYZER_NONNULL = YES;
				CLANG_ANALYZER_NUMBER_OBJECT_CONVERSION = YES_AGGRESSIVE;
				CLANG_CXX_LANGUAGE_STANDARD = "gnu++0x";
				CLANG_CXX_LIBRARY = "libc++";
				CLANG_ENABLE_MODULES = YES;
				CLANG_ENABLE_OBJC_ARC = YES;
				CLANG_WARN_BOOL_CONVERSION = YES;
				CLANG_WARN_CONSTANT_CONVERSION = YES;
				CLANG_WARN_DIRECT_OBJC_ISA_USAGE = YES_ERROR;
				CLANG_WARN_DOCUMENTATION_COMMENTS = YES;
				CLANG_WARN_EMPTY_BODY = YES;
				CLANG_WARN_ENUM_CONVERSION = YES;
				CLANG_WARN_INFINITE_RECURSION = YES;
				CLANG_WARN_INT_CONVERSION = YES;
				CLANG_WARN_OBJC_ROOT_CLASS = YES_ERROR;
				CLANG_WARN_SUSPICIOUS_MOVE = YES;
				CLANG_WARN_UNREACHABLE_CODE = YES;
				CLANG_WARN__DUPLICATE_METHOD_MATCH = YES;
				"CODE_SIGN_IDENTITY[sdk=iphoneos*]" = "iPhone Developer";
				COPY_PHASE_STRIP = NO;
				DEBUG_INFORMATION_FORMAT = dwarf;
				ENABLE_STRICT_OBJC_MSGSEND = YES;
				ENABLE_TESTABILITY = YES;
				GCC_C_LANGUAGE_STANDARD = gnu99;
				GCC_DYNAMIC_NO_PIC = NO;
				GCC_NO_COMMON_BLOCKS = YES;
				GCC_OPTIMIZATION_LEVEL = 0;
				GCC_PREPROCESSOR_DEFINITIONS = (
					"DEBUG=1",
					"$(inherited)",
				);
				GCC_WARN_64_TO_32_BIT_CONVERSION = YES;
				GCC_WARN_ABOUT_RETURN_TYPE = YES_ERROR;
				GCC_WARN_UNDECLARED_SELECTOR = YES;
				GCC_WARN_UNINITIALIZED_AUTOS = YES_AGGRESSIVE;
				GCC_WARN_UNUSED_FUNCTION = YES;
				GCC_WARN_UNUSED_VARIABLE = YES;
				IPHONEOS_DEPLOYMENT_TARGET = 10.3;
				MTL_ENABLE_DEBUG_INFO = YES;
				ONLY_ACTIVE_ARCH = YES;
				SDKROOT = iphoneos;
				SWIFT_ACTIVE_COMPILATION_CONDITIONS = DEBUG;
				SWIFT_OPTIMIZATION_LEVEL = "-Onone";
			};
			name = Debug;
		};
		629731821FCE39DF00AFAF65 /* Release */ = {
			isa = XCBuildConfiguration;
			buildSettings = {
				ALWAYS_SEARCH_USER_PATHS = NO;
				CLANG_ANALYZER_NONNULL = YES;
				CLANG_ANALYZER_NUMBER_OBJECT_CONVERSION = YES_AGGRESSIVE;
				CLANG_CXX_LANGUAGE_STANDARD = "gnu++0x";
				CLANG_CXX_LIBRARY = "libc++";
				CLANG_ENABLE_MODULES = YES;
				CLANG_ENABLE_OBJC_ARC = YES;
				CLANG_WARN_BOOL_CONVERSION = YES;
				CLANG_WARN_CONSTANT_CONVERSION = YES;
				CLANG_WARN_DIRECT_OBJC_ISA_USAGE = YES_ERROR;
				CLANG_WARN_DOCUMENTATION_COMMENTS = YES;
				CLANG_WARN_EMPTY_BODY = YES;
				CLANG_WARN_ENUM_CONVERSION = YES;
				CLANG_WARN_INFINITE_RECURSION = YES;
				CLANG_WARN_INT_CONVERSION = YES;
				CLANG_WARN_OBJC_ROOT_CLASS = YES_ERROR;
				CLANG_WARN_SUSPICIOUS_MOVE = YES;
				CLANG_WARN_UNREACHABLE_CODE = YES;
				CLANG_WARN__DUPLICATE_METHOD_MATCH = YES;
				"CODE_SIGN_IDENTITY[sdk=iphoneos*]" = "iPhone Developer";
				COPY_PHASE_STRIP = NO;
				DEBUG_INFORMATION_FORMAT = "dwarf-with-dsym";
				ENABLE_NS_ASSERTIONS = NO;
				ENABLE_STRICT_OBJC_MSGSEND = YES;
				GCC_C_LANGUAGE_STANDARD = gnu99;
				GCC_NO_COMMON_BLOCKS = YES;
				GCC_WARN_64_TO_32_BIT_CONVERSION = YES;
				GCC_WARN_ABOUT_RETURN_TYPE = YES_ERROR;
				GCC_WARN_UNDECLARED_SELECTOR = YES;
				GCC_WARN_UNINITIALIZED_AUTOS = YES_AGGRESSIVE;
				GCC_WARN_UNUSED_FUNCTION = YES;
				GCC_WARN_UNUSED_VARIABLE = YES;
				IPHONEOS_DEPLOYMENT_TARGET = 10.3;
				MTL_ENABLE_DEBUG_INFO = NO;
				SDKROOT = iphoneos;
				SWIFT_OPTIMIZATION_LEVEL = "-Owholemodule";
				VALIDATE_PRODUCT = YES;
			};
			name = Release;
		};
		629731841FCE39DF00AFAF65 /* Debug */ = {
			isa = XCBuildConfiguration;
			buildSettings = {
				ASSETCATALOG_COMPILER_APPICON_NAME = AppIcon;
				DEVELOPMENT_TEAM = 9A3WJ4UXW8;
				INFOPLIST_FILE = CollectionViewAnimation/Info.plist;
				LD_RUNPATH_SEARCH_PATHS = "$(inherited) @executable_path/Frameworks";
				PRODUCT_BUNDLE_IDENTIFIER = com.tranvuhung.CollectionViewAnimation;
				PRODUCT_NAME = "$(TARGET_NAME)";
				SWIFT_VERSION = 3.0;
			};
			name = Debug;
		};
		629731851FCE39DF00AFAF65 /* Release */ = {
			isa = XCBuildConfiguration;
			buildSettings = {
				ASSETCATALOG_COMPILER_APPICON_NAME = AppIcon;
				DEVELOPMENT_TEAM = 9A3WJ4UXW8;
				INFOPLIST_FILE = CollectionViewAnimation/Info.plist;
				LD_RUNPATH_SEARCH_PATHS = "$(inherited) @executable_path/Frameworks";
				PRODUCT_BUNDLE_IDENTIFIER = com.tranvuhung.CollectionViewAnimation;
				PRODUCT_NAME = "$(TARGET_NAME)";
				SWIFT_VERSION = 3.0;
			};
			name = Release;
		};
/* End XCBuildConfiguration section */

/* Begin XCConfigurationList section */
		6297316C1FCE39DE00AFAF65 /* Build configuration list for PBXProject "CollectionViewAnimation" */ = {
			isa = XCConfigurationList;
			buildConfigurations = (
				629731811FCE39DF00AFAF65 /* Debug */,
				629731821FCE39DF00AFAF65 /* Release */,
			);
			defaultConfigurationIsVisible = 0;
			defaultConfigurationName = Release;
		};
		629731831FCE39DF00AFAF65 /* Build configuration list for PBXNativeTarget "CollectionViewAnimation" */ = {
			isa = XCConfigurationList;
			buildConfigurations = (
				629731841FCE39DF00AFAF65 /* Debug */,
				629731851FCE39DF00AFAF65 /* Release */,
			);
			defaultConfigurationIsVisible = 0;
		};
/* End XCConfigurationList section */
	};
	rootObject = 629731691FCE39DE00AFAF65 /* Project object */;
}
